
Microsoft Visual Studio Solution File, Format Version 12.00
# Visual Studio Version 16
VisualStudioVersion = 16.0.810.21
MinimumVisualStudioVersion = 10.0.40219.1
Project("{FAE04EC0-301F-11D3-BF4B-00C04F79EFBC}") = "ImageMatch.Android", "ImageMatch.Android\ImageMatch.Android.csproj", "{E816E7C6-D5B3-4676-8D3E-BCA8C7D879C7}"
EndProject
Project("{FAE04EC0-301F-11D3-BF4B-00C04F79EFBC}") = "ImageMatch.iOS", "ImageMatch.iOS\ImageMatch.iOS.csproj", "{89CAD6C5-F70B-4F13-BDA5-3EEBE365B5E3}"
EndProject
Project("{FAE04EC0-301F-11D3-BF4B-00C04F79EFBC}") = "ImageMatch", "ImageMatch\ImageMatch.csproj", "{83FA9A37-680B-4D69-8CC3-BF712CF24678}"
EndProject
Global
	GlobalSection(SolutionConfigurationPlatforms) = preSolution
		Debug|Any CPU = Debug|Any CPU
		Release|Any CPU = Release|Any CPU
		Debug|iPhoneSimulator = Debug|iPhoneSimulator
		Release|iPhoneSimulator = Release|iPhoneSimulator
		Debug|iPhone = Debug|iPhone
		Release|iPhone = Release|iPhone
	EndGlobalSection
	GlobalSection(ProjectConfigurationPlatforms) = postSolution
		{E816E7C6-D5B3-4676-8D3E-BCA8C7D879C7}.Debug|Any CPU.ActiveCfg = Debug|Any CPU
		{E816E7C6-D5B3-4676-8D3E-BCA8C7D879C7}.Debug|Any CPU.Build.0 = Debug|Any CPU
		{E816E7C6-D5B3-4676-8D3E-BCA8C7D879C7}.Release|Any CPU.ActiveCfg = Release|Any CPU
		{E816E7C6-D5B3-4676-8D3E-BCA8C7D879C7}.Release|Any CPU.Build.0 = Release|Any CPU
		{E816E7C6-D5B3-4676-8D3E-BCA8C7D879C7}.Debug|iPhoneSimulator.ActiveCfg = Debug|Any CPU
		{E816E7C6-D5B3-4676-8D3E-BCA8C7D879C7}.Debug|iPhoneSimulator.Build.0 = Debug|Any CPU
		{E816E7C6-D5B3-4676-8D3E-BCA8C7D879C7}.Release|iPhoneSimulator.ActiveCfg = Release|Any CPU
		{E816E7C6-D5B3-4676-8D3E-BCA8C7D879C7}.Release|iPhoneSimulator.Build.0 = Release|Any CPU
		{E816E7C6-D5B3-4676-8D3E-BCA8C7D879C7}.Debug|iPhone.ActiveCfg = Debug|Any CPU
		{E816E7C6-D5B3-4676-8D3E-BCA8C7D879C7}.Debug|iPhone.Build.0 = Debug|Any CPU
		{E816E7C6-D5B3-4676-8D3E-BCA8C7D879C7}.Release|iPhone.ActiveCfg = Release|Any CPU
		{E816E7C6-D5B3-4676-8D3E-BCA8C7D879C7}.Release|iPhone.Build.0 = Release|Any CPU
		{89CAD6C5-F70B-4F13-BDA5-3EEBE365B5E3}.Debug|Any CPU.ActiveCfg = Debug|iPhoneSimulator
		{89CAD6C5-F70B-4F13-BDA5-3EEBE365B5E3}.Debug|Any CPU.Build.0 = Debug|iPhoneSimulator
		{89CAD6C5-F70B-4F13-BDA5-3EEBE365B5E3}.Release|Any CPU.ActiveCfg = Release|iPhoneSimulator
		{89CAD6C5-F70B-4F13-BDA5-3EEBE365B5E3}.Release|Any CPU.Build.0 = Release|iPhoneSimulator
		{89CAD6C5-F70B-4F13-BDA5-3EEBE365B5E3}.Debug|iPhoneSimulator.ActiveCfg = Debug|iPhoneSimulator
		{89CAD6C5-F70B-4F13-BDA5-3EEBE365B5E3}.Debug|iPhoneSimulator.Build.0 = Debug|iPhoneSimulator
		{89CAD6C5-F70B-4F13-BDA5-3EEBE365B5E3}.Release|iPhoneSimulator.ActiveCfg = Release|iPhoneSimulator
		{89CAD6C5-F70B-4F13-BDA5-3EEBE365B5E3}.Release|iPhoneSimulator.Build.0 = Release|iPhoneSimulator
		{89CAD6C5-F70B-4F13-BDA5-3EEBE365B5E3}.Debug|iPhone.ActiveCfg = Debug|iPhone
		{89CAD6C5-F70B-4F13-BDA5-3EEBE365B5E3}.Debug|iPhone.Build.0 = Debug|iPhone
		{89CAD6C5-F70B-4F13-BDA5-3EEBE365B5E3}.Release|iPhone.ActiveCfg = Release|iPhone
		{89CAD6C5-F70B-4F13-BDA5-3EEBE365B5E3}.Release|iPhone.Build.0 = Release|iPhone
		{83FA9A37-680B-4D69-8CC3-BF712CF24678}.Debug|Any CPU.ActiveCfg = Debug|Any CPU
		{83FA9A37-680B-4D69-8CC3-BF712CF24678}.Debug|Any CPU.Build.0 = Debug|Any CPU
		{83FA9A37-680B-4D69-8CC3-BF712CF24678}.Release|Any CPU.ActiveCfg = Release|Any CPU
		{83FA9A37-680B-4D69-8CC3-BF712CF24678}.Release|Any CPU.Build.0 = Release|Any CPU
		{83FA9A37-680B-4D69-8CC3-BF712CF24678}.Debug|iPhoneSimulator.ActiveCfg = Debug|Any CPU
		{83FA9A37-680B-4D69-8CC3-BF712CF24678}.Debug|iPhoneSimulator.Build.0 = Debug|Any CPU
		{83FA9A37-680B-4D69-8CC3-BF712CF24678}.Release|iPhoneSimulator.ActiveCfg = Release|Any CPU
		{83FA9A37-680B-4D69-8CC3-BF712CF24678}.Release|iPhoneSimulator.Build.0 = Release|Any CPU
		{83FA9A37-680B-4D69-8CC3-BF712CF24678}.Debug|iPhone.ActiveCfg = Debug|Any CPU
		{83FA9A37-680B-4D69-8CC3-BF712CF24678}.Debug|iPhone.Build.0 = Debug|Any CPU
		{83FA9A37-680B-4D69-8CC3-BF712CF24678}.Release|iPhone.ActiveCfg = Release|Any CPU
		{83FA9A37-680B-4D69-8CC3-BF712CF24678}.Release|iPhone.Build.0 = Release|Any CPU
	EndGlobalSection
	GlobalSection(SolutionProperties) = preSolution
		HideSolutionNode = FALSE
	EndGlobalSection
	GlobalSection(ExtensibilityGlobals) = postSolution
		SolutionGuid = {9B7C422B-978E-40C8-A23E-903712AE3031}
	EndGlobalSection
	GlobalSection(MonoDevelopProperties) = preSolution
		Policies = $0
		$0.DotNetNamingPolicy = $1
		$1.DirectoryNamespaceAssociation = PrefixedHierarchical
	EndGlobalSection
EndGlobal
